
Microsoft Visual Studio Solution File, Format Version 11.00
# Visual Studio 2010
Project("{FAE04EC0-301F-11D3-BF4B-00C04F79EFBC}") = "CompanyABC.WebUI", "CompanyABC.WebUI\CompanyABC.WebUI.csproj", "{111AF214-946B-4997-9DCB-0DE42F6EB80F}"
EndProject
Project("{FAE04EC0-301F-11D3-BF4B-00C04F79EFBC}") = "CompanyABC.Tests", "CompanyABC.Tests\CompanyABC.Tests.csproj", "{840E9725-D13B-4A2B-9853-D217E55074F5}"
EndProject
Project("{FAE04EC0-301F-11D3-BF4B-00C04F79EFBC}") = "CompanyABC.Domain", "CompanyABC.Domain\CompanyABC.Domain.csproj", "{5379C821-5371-4F41-874E-208E20C2CCB0}"
EndProject
Project("{FAE04EC0-301F-11D3-BF4B-00C04F79EFBC}") = "CompanyABC.PDFGeneration", "CompanyABC.PDFGeneration\CompanyABC.PDFGeneration.csproj", "{3CC11DAF-11CC-4B06-9EC3-5864082BD1D7}"
EndProject
Project("{FAE04EC0-301F-11D3-BF4B-00C04F79EFBC}") = "CompanyABC.Console", "CompanyABC.Console\CompanyABC.Console.csproj", "{CA224316-5052-448A-AA30-B0D766F5ABAE}"
EndProject
Project("{FAE04EC0-301F-11D3-BF4B-00C04F79EFBC}") = "CompanyABC.Utility", "CompanyABC.Utility\CompanyABC.Utility.csproj", "{86185A0F-13F6-4DDE-B67A-BF24A00A086F}"
EndProject
Global
	GlobalSection(SolutionConfigurationPlatforms) = preSolution
		Debug|Any CPU = Debug|Any CPU
		Debug|Mixed Platforms = Debug|Mixed Platforms
		Debug|x86 = Debug|x86
		Release|Any CPU = Release|Any CPU
		Release|Mixed Platforms = Release|Mixed Platforms
		Release|x86 = Release|x86
	EndGlobalSection
	GlobalSection(ProjectConfigurationPlatforms) = postSolution
		{111AF214-946B-4997-9DCB-0DE42F6EB80F}.Debug|Any CPU.ActiveCfg = Debug|Any CPU
		{111AF214-946B-4997-9DCB-0DE42F6EB80F}.Debug|Any CPU.Build.0 = Debug|Any CPU
		{111AF214-946B-4997-9DCB-0DE42F6EB80F}.Debug|Mixed Platforms.ActiveCfg = Debug|Any CPU
		{111AF214-946B-4997-9DCB-0DE42F6EB80F}.Debug|Mixed Platforms.Build.0 = Debug|Any CPU
		{111AF214-946B-4997-9DCB-0DE42F6EB80F}.Debug|x86.ActiveCfg = Debug|Any CPU
		{111AF214-946B-4997-9DCB-0DE42F6EB80F}.Release|Any CPU.ActiveCfg = Release|Any CPU
		{111AF214-946B-4997-9DCB-0DE42F6EB80F}.Release|Any CPU.Build.0 = Release|Any CPU
		{111AF214-946B-4997-9DCB-0DE42F6EB80F}.Release|Mixed Platforms.ActiveCfg = Release|Any CPU
		{111AF214-946B-4997-9DCB-0DE42F6EB80F}.Release|Mixed Platforms.Build.0 = Release|Any CPU
		{111AF214-946B-4997-9DCB-0DE42F6EB80F}.Release|x86.ActiveCfg = Release|Any CPU
		{840E9725-D13B-4A2B-9853-D217E55074F5}.Debug|Any CPU.ActiveCfg = Debug|Any CPU
		{840E9725-D13B-4A2B-9853-D217E55074F5}.Debug|Any CPU.Build.0 = Debug|Any CPU
		{840E9725-D13B-4A2B-9853-D217E55074F5}.Debug|Mixed Platforms.ActiveCfg = Debug|Any CPU
		{840E9725-D13B-4A2B-9853-D217E55074F5}.Debug|Mixed Platforms.Build.0 = Debug|Any CPU
		{840E9725-D13B-4A2B-9853-D217E55074F5}.Debug|x86.ActiveCfg = Debug|Any CPU
		{840E9725-D13B-4A2B-9853-D217E55074F5}.Release|Any CPU.ActiveCfg = Release|Any CPU
		{840E9725-D13B-4A2B-9853-D217E55074F5}.Release|Any CPU.Build.0 = Release|Any CPU
		{840E9725-D13B-4A2B-9853-D217E55074F5}.Release|Mixed Platforms.ActiveCfg = Release|Any CPU
		{840E9725-D13B-4A2B-9853-D217E55074F5}.Release|Mixed Platforms.Build.0 = Release|Any CPU
		{840E9725-D13B-4A2B-9853-D217E55074F5}.Release|x86.ActiveCfg = Release|Any CPU
		{5379C821-5371-4F41-874E-208E20C2CCB0}.Debug|Any CPU.ActiveCfg = Debug|Any CPU
		{5379C821-5371-4F41-874E-208E20C2CCB0}.Debug|Any CPU.Build.0 = Debug|Any CPU
		{5379C821-5371-4F41-874E-208E20C2CCB0}.Debug|Mixed Platforms.ActiveCfg = Debug|Any CPU
		{5379C821-5371-4F41-874E-208E20C2CCB0}.Debug|Mixed Platforms.Build.0 = Debug|Any CPU
		{5379C821-5371-4F41-874E-208E20C2CCB0}.Debug|x86.ActiveCfg = Debug|Any CPU
		{5379C821-5371-4F41-874E-208E20C2CCB0}.Release|Any CPU.ActiveCfg = Release|Any CPU
		{5379C821-5371-4F41-874E-208E20C2CCB0}.Release|Any CPU.Build.0 = Release|Any CPU
		{5379C821-5371-4F41-874E-208E20C2CCB0}.Release|Mixed Platforms.ActiveCfg = Release|Any CPU
		{5379C821-5371-4F41-874E-208E20C2CCB0}.Release|Mixed Platforms.Build.0 = Release|Any CPU
		{5379C821-5371-4F41-874E-208E20C2CCB0}.Release|x86.ActiveCfg = Release|Any CPU
		{3CC11DAF-11CC-4B06-9EC3-5864082BD1D7}.Debug|Any CPU.ActiveCfg = Debug|Any CPU
		{3CC11DAF-11CC-4B06-9EC3-5864082BD1D7}.Debug|Any CPU.Build.0 = Debug|Any CPU
		{3CC11DAF-11CC-4B06-9EC3-5864082BD1D7}.Debug|Mixed Platforms.ActiveCfg = Debug|Any CPU
		{3CC11DAF-11CC-4B06-9EC3-5864082BD1D7}.Debug|Mixed Platforms.Build.0 = Debug|Any CPU
		{3CC11DAF-11CC-4B06-9EC3-5864082BD1D7}.Debug|x86.ActiveCfg = Debug|Any CPU
		{3CC11DAF-11CC-4B06-9EC3-5864082BD1D7}.Release|Any CPU.ActiveCfg = Release|Any CPU
		{3CC11DAF-11CC-4B06-9EC3-5864082BD1D7}.Release|Any CPU.Build.0 = Release|Any CPU
		{3CC11DAF-11CC-4B06-9EC3-5864082BD1D7}.Release|Mixed Platforms.ActiveCfg = Release|Any CPU
		{3CC11DAF-11CC-4B06-9EC3-5864082BD1D7}.Release|Mixed Platforms.Build.0 = Release|Any CPU
		{3CC11DAF-11CC-4B06-9EC3-5864082BD1D7}.Release|x86.ActiveCfg = Release|Any CPU
		{CA224316-5052-448A-AA30-B0D766F5ABAE}.Debug|Any CPU.ActiveCfg = Debug|x86
		{CA224316-5052-448A-AA30-B0D766F5ABAE}.Debug|Mixed Platforms.ActiveCfg = Debug|x86
		{CA224316-5052-448A-AA30-B0D766F5ABAE}.Debug|Mixed Platforms.Build.0 = Debug|x86
		{CA224316-5052-448A-AA30-B0D766F5ABAE}.Debug|x86.ActiveCfg = Debug|x86
		{CA224316-5052-448A-AA30-B0D766F5ABAE}.Debug|x86.Build.0 = Debug|x86
		{CA224316-5052-448A-AA30-B0D766F5ABAE}.Release|Any CPU.ActiveCfg = Release|x86
		{CA224316-5052-448A-AA30-B0D766F5ABAE}.Release|Mixed Platforms.ActiveCfg = Release|x86
		{CA224316-5052-448A-AA30-B0D766F5ABAE}.Release|Mixed Platforms.Build.0 = Release|x86
		{CA224316-5052-448A-AA30-B0D766F5ABAE}.Release|x86.ActiveCfg = Release|x86
		{CA224316-5052-448A-AA30-B0D766F5ABAE}.Release|x86.Build.0 = Release|x86
		{86185A0F-13F6-4DDE-B67A-BF24A00A086F}.Debug|Any CPU.ActiveCfg = Debug|Any CPU
		{86185A0F-13F6-4DDE-B67A-BF24A00A086F}.Debug|Any CPU.Build.0 = Debug|Any CPU
		{86185A0F-13F6-4DDE-B67A-BF24A00A086F}.Debug|Mixed Platforms.ActiveCfg = Debug|Any CPU
		{86185A0F-13F6-4DDE-B67A-BF24A00A086F}.Debug|Mixed Platforms.Build.0 = Debug|Any CPU
		{86185A0F-13F6-4DDE-B67A-BF24A00A086F}.Debug|x86.ActiveCfg = Debug|Any CPU
		{86185A0F-13F6-4DDE-B67A-BF24A00A086F}.Release|Any CPU.ActiveCfg = Release|Any CPU
		{86185A0F-13F6-4DDE-B67A-BF24A00A086F}.Release|Any CPU.Build.0 = Release|Any CPU
		{86185A0F-13F6-4DDE-B67A-BF24A00A086F}.Release|Mixed Platforms.ActiveCfg = Release|Any CPU
		{86185A0F-13F6-4DDE-B67A-BF24A00A086F}.Release|Mixed Platforms.Build.0 = Release|Any CPU
		{86185A0F-13F6-4DDE-B67A-BF24A00A086F}.Release|x86.ActiveCfg = Release|Any CPU
	EndGlobalSection
	GlobalSection(SolutionProperties) = preSolution
		HideSolutionNode = FALSE
	EndGlobalSection
EndGlobal
